
Microsoft Visual Studio Solution File, Format Version 12.00
# Visual Studio 15
VisualStudioVersion = 15.0.28307.329
MinimumVisualStudioVersion = 10.0.40219.1
Project("{FAE04EC0-301F-11D3-BF4B-00C04F79EFBC}") = "CSharpToSQL", "CSharpToSQL\CSharpToSQL.csproj", "{D65FB38D-8A43-48E7-A9FC-8458CB824995}"
EndProject
Project("{FAE04EC0-301F-11D3-BF4B-00C04F79EFBC}") = "PrsLibrary1", "PrsLibrary1\PrsLibrary1.csproj", "{FBD9008A-604E-45F9-8149-FC90B2C13B20}"
EndProject
Global
	GlobalSection(SolutionConfigurationPlatforms) = preSolution
		Debug|Any CPU = Debug|Any CPU
		Release|Any CPU = Release|Any CPU
	EndGlobalSection
	GlobalSection(ProjectConfigurationPlatforms) = postSolution
		{D65FB38D-8A43-48E7-A9FC-8458CB824995}.Debug|Any CPU.ActiveCfg = Debug|Any CPU
		{D65FB38D-8A43-48E7-A9FC-8458CB824995}.Debug|Any CPU.Build.0 = Debug|Any CPU
		{D65FB38D-8A43-48E7-A9FC-8458CB824995}.Release|Any CPU.ActiveCfg = Release|Any CPU
		{D65FB38D-8A43-48E7-A9FC-8458CB824995}.Release|Any CPU.Build.0 = Release|Any CPU
		{FBD9008A-604E-45F9-8149-FC90B2C13B20}.Debug|Any CPU.ActiveCfg = Debug|Any CPU
		{FBD9008A-604E-45F9-8149-FC90B2C13B20}.Debug|Any CPU.Build.0 = Debug|Any CPU
		{FBD9008A-604E-45F9-8149-FC90B2C13B20}.Release|Any CPU.ActiveCfg = Release|Any CPU
		{FBD9008A-604E-45F9-8149-FC90B2C13B20}.Release|Any CPU.Build.0 = Release|Any CPU
	EndGlobalSection
	GlobalSection(SolutionProperties) = preSolution
		HideSolutionNode = FALSE
	EndGlobalSection
	GlobalSection(ExtensibilityGlobals) = postSolution
		SolutionGuid = {C4E3E118-E3E8-4BDC-A4DF-DE51BC83A5DD}
	EndGlobalSection
EndGlobal
